// !$*UTF8*$!
{
	archiveVersion = 1;
	classes = {
	};
	objectVersion = 55;
	objects = {

/* Begin PBXBuildFile section */
		607B07952885B800004E22FF /* AudiobooksCollectionViewUITableViewCell.swift in Sources */ = {isa = PBXBuildFile; fileRef = 607B07942885B800004E22FF /* AudiobooksCollectionViewUITableViewCell.swift */; };
		607B07972885D08D004E22FF /* BookCollectionViewCell.swift in Sources */ = {isa = PBXBuildFile; fileRef = 607B07962885D08D004E22FF /* BookCollectionViewCell.swift */; };
		60B27F6028806D1C009DFF26 /* NewBooksCollectionViewUITableViewCell.swift in Sources */ = {isa = PBXBuildFile; fileRef = 60B27F5F28806D1C009DFF26 /* NewBooksCollectionViewUITableViewCell.swift */; };
		60B27F6228807AC4009DFF26 /* LogoHeaderUIView.swift in Sources */ = {isa = PBXBuildFile; fileRef = 60B27F6128807AC4009DFF26 /* LogoHeaderUIView.swift */; };
		60B27F6428809866009DFF26 /* books.json in Resources */ = {isa = PBXBuildFile; fileRef = 60B27F6328809866009DFF26 /* books.json */; };
		60B27F66288098C4009DFF26 /* APICaller.swift in Sources */ = {isa = PBXBuildFile; fileRef = 60B27F65288098C4009DFF26 /* APICaller.swift */; };
		60B27F6828809B22009DFF26 /* Book.swift in Sources */ = {isa = PBXBuildFile; fileRef = 60B27F6728809B22009DFF26 /* Book.swift */; };
		60D9520F287D384500A34DAA /* AppDelegate.swift in Sources */ = {isa = PBXBuildFile; fileRef = 60D9520E287D384500A34DAA /* AppDelegate.swift */; };
		60D95211287D384500A34DAA /* SceneDelegate.swift in Sources */ = {isa = PBXBuildFile; fileRef = 60D95210287D384500A34DAA /* SceneDelegate.swift */; };
		60D95213287D384500A34DAA /* ViewController.swift in Sources */ = {isa = PBXBuildFile; fileRef = 60D95212287D384500A34DAA /* ViewController.swift */; };
		60D95218287D384B00A34DAA /* Assets.xcassets in Resources */ = {isa = PBXBuildFile; fileRef = 60D95217287D384B00A34DAA /* Assets.xcassets */; };
		60D95223287D38AC00A34DAA /* MainTabBarController.swift in Sources */ = {isa = PBXBuildFile; fileRef = 60D95222287D38AC00A34DAA /* MainTabBarController.swift */; };
		60D95225287D393E00A34DAA /* Const.swift in Sources */ = {isa = PBXBuildFile; fileRef = 60D95224287D393E00A34DAA /* Const.swift */; };
		60D95227287D3D0200A34DAA /* SearchController.swift in Sources */ = {isa = PBXBuildFile; fileRef = 60D95226287D3D0200A34DAA /* SearchController.swift */; };
		60D95229287D3D1200A34DAA /* LoginController.swift in Sources */ = {isa = PBXBuildFile; fileRef = 60D95228287D3D1200A34DAA /* LoginController.swift */; };
		60D9522B287D3D1E00A34DAA /* CreateAccountController.swift in Sources */ = {isa = PBXBuildFile; fileRef = 60D9522A287D3D1E00A34DAA /* CreateAccountController.swift */; };
		60D9522D287D3D2F00A34DAA /* HomeController.swift in Sources */ = {isa = PBXBuildFile; fileRef = 60D9522C287D3D2F00A34DAA /* HomeController.swift */; };
		60D9522F287D3D4100A34DAA /* BookDetailController.swift in Sources */ = {isa = PBXBuildFile; fileRef = 60D9522E287D3D4100A34DAA /* BookDetailController.swift */; };
		60D95231287D3D4E00A34DAA /* FavoritesController.swift in Sources */ = {isa = PBXBuildFile; fileRef = 60D95230287D3D4E00A34DAA /* FavoritesController.swift */; };
		60D95233287D3D5900A34DAA /* ProfileController.swift in Sources */ = {isa = PBXBuildFile; fileRef = 60D95232287D3D5900A34DAA /* ProfileController.swift */; };
		60D95235287D3D6600A34DAA /* EditProfileController.swift in Sources */ = {isa = PBXBuildFile; fileRef = 60D95234287D3D6600A34DAA /* EditProfileController.swift */; };
		60D95237287D3E7D00A34DAA /* NavigationController.swift in Sources */ = {isa = PBXBuildFile; fileRef = 60D95236287D3E7D00A34DAA /* NavigationController.swift */; };
		60DC1C052889C6950018F447 /* AudiobookCollectionViewCell.swift in Sources */ = {isa = PBXBuildFile; fileRef = 60DC1C042889C6950018F447 /* AudiobookCollectionViewCell.swift */; };
		60DC1C092889DA4D0018F447 /* FetchBookDataProtocol.swift in Sources */ = {isa = PBXBuildFile; fileRef = 60DC1C082889DA4D0018F447 /* FetchBookDataProtocol.swift */; };
		60EC1E43287F3CAA00C28828 /* LaunchScreen.storyboard in Resources */ = {isa = PBXBuildFile; fileRef = 60EC1E42287F3CAA00C28828 /* LaunchScreen.storyboard */; };
/* End PBXBuildFile section */

/* Begin PBXFileReference section */
		607B07942885B800004E22FF /* AudiobooksCollectionViewUITableViewCell.swift */ = {isa = PBXFileReference; lastKnownFileType = sourcecode.swift; path = AudiobooksCollectionViewUITableViewCell.swift; sourceTree = "<group>"; };
		607B07962885D08D004E22FF /* BookCollectionViewCell.swift */ = {isa = PBXFileReference; lastKnownFileType = sourcecode.swift; path = BookCollectionViewCell.swift; sourceTree = "<group>"; };
		60B27F5F28806D1C009DFF26 /* NewBooksCollectionViewUITableViewCell.swift */ = {isa = PBXFileReference; lastKnownFileType = sourcecode.swift; name = NewBooksCollectionViewUITableViewCell.swift; path = BooksDataUIKit/Views/NewBooksCollectionViewUITableViewCell.swift; sourceTree = SOURCE_ROOT; };
		60B27F6128807AC4009DFF26 /* LogoHeaderUIView.swift */ = {isa = PBXFileReference; lastKnownFileType = sourcecode.swift; path = LogoHeaderUIView.swift; sourceTree = "<group>"; };
		60B27F6328809866009DFF26 /* books.json */ = {isa = PBXFileReference; fileEncoding = 4; lastKnownFileType = text.json; path = books.json; sourceTree = "<group>"; };
		60B27F65288098C4009DFF26 /* APICaller.swift */ = {isa = PBXFileReference; lastKnownFileType = sourcecode.swift; path = APICaller.swift; sourceTree = "<group>"; };
		60B27F6728809B22009DFF26 /* Book.swift */ = {isa = PBXFileReference; lastKnownFileType = sourcecode.swift; path = Book.swift; sourceTree = "<group>"; };
		60D9520B287D384500A34DAA /* BooksDataUIKit.app */ = {isa = PBXFileReference; explicitFileType = wrapper.application; includeInIndex = 0; path = BooksDataUIKit.app; sourceTree = BUILT_PRODUCTS_DIR; };
		60D9520E287D384500A34DAA /* AppDelegate.swift */ = {isa = PBXFileReference; lastKnownFileType = sourcecode.swift; path = AppDelegate.swift; sourceTree = "<group>"; };
		60D95210287D384500A34DAA /* SceneDelegate.swift */ = {isa = PBXFileReference; lastKnownFileType = sourcecode.swift; path = SceneDelegate.swift; sourceTree = "<group>"; };
		60D95212287D384500A34DAA /* ViewController.swift */ = {isa = PBXFileReference; lastKnownFileType = sourcecode.swift; path = ViewController.swift; sourceTree = "<group>"; };
		60D95217287D384B00A34DAA /* Assets.xcassets */ = {isa = PBXFileReference; lastKnownFileType = folder.assetcatalog; path = Assets.xcassets; sourceTree = "<group>"; };
		60D9521C287D384B00A34DAA /* Info.plist */ = {isa = PBXFileReference; lastKnownFileType = text.plist.xml; path = Info.plist; sourceTree = "<group>"; };
		60D95222287D38AC00A34DAA /* MainTabBarController.swift */ = {isa = PBXFileReference; lastKnownFileType = sourcecode.swift; path = MainTabBarController.swift; sourceTree = "<group>"; };
		60D95224287D393E00A34DAA /* Const.swift */ = {isa = PBXFileReference; lastKnownFileType = sourcecode.swift; path = Const.swift; sourceTree = "<group>"; };
		60D95226287D3D0200A34DAA /* SearchController.swift */ = {isa = PBXFileReference; lastKnownFileType = sourcecode.swift; path = SearchController.swift; sourceTree = "<group>"; };
		60D95228287D3D1200A34DAA /* LoginController.swift */ = {isa = PBXFileReference; lastKnownFileType = sourcecode.swift; path = LoginController.swift; sourceTree = "<group>"; };
		60D9522A287D3D1E00A34DAA /* CreateAccountController.swift */ = {isa = PBXFileReference; lastKnownFileType = sourcecode.swift; path = CreateAccountController.swift; sourceTree = "<group>"; };
		60D9522C287D3D2F00A34DAA /* HomeController.swift */ = {isa = PBXFileReference; lastKnownFileType = sourcecode.swift; path = HomeController.swift; sourceTree = "<group>"; };
		60D9522E287D3D4100A34DAA /* BookDetailController.swift */ = {isa = PBXFileReference; lastKnownFileType = sourcecode.swift; path = BookDetailController.swift; sourceTree = "<group>"; };
		60D95230287D3D4E00A34DAA /* FavoritesController.swift */ = {isa = PBXFileReference; lastKnownFileType = sourcecode.swift; path = FavoritesController.swift; sourceTree = "<group>"; };
		60D95232287D3D5900A34DAA /* ProfileController.swift */ = {isa = PBXFileReference; lastKnownFileType = sourcecode.swift; path = ProfileController.swift; sourceTree = "<group>"; };
		60D95234287D3D6600A34DAA /* EditProfileController.swift */ = {isa = PBXFileReference; lastKnownFileType = sourcecode.swift; path = EditProfileController.swift; sourceTree = "<group>"; };
		60D95236287D3E7D00A34DAA /* NavigationController.swift */ = {isa = PBXFileReference; lastKnownFileType = sourcecode.swift; path = NavigationController.swift; sourceTree = "<group>"; };
		60DC1C042889C6950018F447 /* AudiobookCollectionViewCell.swift */ = {isa = PBXFileReference; lastKnownFileType = sourcecode.swift; path = AudiobookCollectionViewCell.swift; sourceTree = "<group>"; };
		60DC1C082889DA4D0018F447 /* FetchBookDataProtocol.swift */ = {isa = PBXFileReference; lastKnownFileType = sourcecode.swift; path = FetchBookDataProtocol.swift; sourceTree = "<group>"; };
		60EC1E42287F3CAA00C28828 /* LaunchScreen.storyboard */ = {isa = PBXFileReference; fileEncoding = 4; lastKnownFileType = file.storyboard; path = LaunchScreen.storyboard; sourceTree = "<group>"; };
/* End PBXFileReference section */

/* Begin PBXFrameworksBuildPhase section */
		60D95208287D384500A34DAA /* Frameworks */ = {
			isa = PBXFrameworksBuildPhase;
			buildActionMask = 2147483647;
			files = (
			);
			runOnlyForDeploymentPostprocessing = 0;
		};
/* End PBXFrameworksBuildPhase section */

/* Begin PBXGroup section */
		60B27F5928806C6A009DFF26 /* Models */ = {
			isa = PBXGroup;
			children = (
				60D95224287D393E00A34DAA /* Const.swift */,
				60B27F6728809B22009DFF26 /* Book.swift */,
				60DC1C082889DA4D0018F447 /* FetchBookDataProtocol.swift */,
			);
			path = Models;
			sourceTree = "<group>";
		};
		60B27F5A28806C71009DFF26 /* Views */ = {
			isa = PBXGroup;
			children = (
				60B27F5F28806D1C009DFF26 /* NewBooksCollectionViewUITableViewCell.swift */,
				607B07942885B800004E22FF /* AudiobooksCollectionViewUITableViewCell.swift */,
				60B27F6128807AC4009DFF26 /* LogoHeaderUIView.swift */,
				607B07962885D08D004E22FF /* BookCollectionViewCell.swift */,
				60DC1C042889C6950018F447 /* AudiobookCollectionViewCell.swift */,
			);
			path = Views;
			sourceTree = "<group>";
		};
		60B27F5B28806C80009DFF26 /* ViewModels */ = {
			isa = PBXGroup;
			children = (
			);
			path = ViewModels;
			sourceTree = "<group>";
		};
		60B27F5C28806C96009DFF26 /* Controllers */ = {
			isa = PBXGroup;
			children = (
				60D95222287D38AC00A34DAA /* MainTabBarController.swift */,
				60D9522C287D3D2F00A34DAA /* HomeController.swift */,
				60D95232287D3D5900A34DAA /* ProfileController.swift */,
				60D95236287D3E7D00A34DAA /* NavigationController.swift */,
				60D95230287D3D4E00A34DAA /* FavoritesController.swift */,
				60D95226287D3D0200A34DAA /* SearchController.swift */,
				60D95228287D3D1200A34DAA /* LoginController.swift */,
				60D9522A287D3D1E00A34DAA /* CreateAccountController.swift */,
				60D9522E287D3D4100A34DAA /* BookDetailController.swift */,
				60D95234287D3D6600A34DAA /* EditProfileController.swift */,
			);
			path = Controllers;
			sourceTree = "<group>";
		};
		60B27F5D28806CD3009DFF26 /* Resources */ = {
			isa = PBXGroup;
			children = (
			);
			path = Resources;
			sourceTree = "<group>";
		};
		60B27F5E28806CDB009DFF26 /* Managers */ = {
			isa = PBXGroup;
			children = (
				60B27F65288098C4009DFF26 /* APICaller.swift */,
			);
			path = Managers;
			sourceTree = "<group>";
		};
		60D95202287D384500A34DAA = {
			isa = PBXGroup;
			children = (
				60D9520D287D384500A34DAA /* BooksDataUIKit */,
				60D9520C287D384500A34DAA /* Products */,
			);
			sourceTree = "<group>";
		};
		60D9520C287D384500A34DAA /* Products */ = {
			isa = PBXGroup;
			children = (
				60D9520B287D384500A34DAA /* BooksDataUIKit.app */,
			);
			name = Products;
			sourceTree = "<group>";
		};
		60D9520D287D384500A34DAA /* BooksDataUIKit */ = {
			isa = PBXGroup;
			children = (
				60B27F5E28806CDB009DFF26 /* Managers */,
				60B27F5D28806CD3009DFF26 /* Resources */,
				60B27F5928806C6A009DFF26 /* Models */,
				60B27F5A28806C71009DFF26 /* Views */,
				60B27F5B28806C80009DFF26 /* ViewModels */,
				60B27F5C28806C96009DFF26 /* Controllers */,
				60D9520E287D384500A34DAA /* AppDelegate.swift */,
				60D95210287D384500A34DAA /* SceneDelegate.swift */,
				60D95212287D384500A34DAA /* ViewController.swift */,
				60B27F6328809866009DFF26 /* books.json */,
				60D95217287D384B00A34DAA /* Assets.xcassets */,
				60D9521C287D384B00A34DAA /* Info.plist */,
				60EC1E42287F3CAA00C28828 /* LaunchScreen.storyboard */,
			);
			path = BooksDataUIKit;
			sourceTree = "<group>";
		};
/* End PBXGroup section */

/* Begin PBXNativeTarget section */
		60D9520A287D384500A34DAA /* BooksDataUIKit */ = {
			isa = PBXNativeTarget;
			buildConfigurationList = 60D9521F287D384B00A34DAA /* Build configuration list for PBXNativeTarget "BooksDataUIKit" */;
			buildPhases = (
				60D95207287D384500A34DAA /* Sources */,
				60D95208287D384500A34DAA /* Frameworks */,
				60D95209287D384500A34DAA /* Resources */,
			);
			buildRules = (
			);
			dependencies = (
			);
			name = BooksDataUIKit;
			productName = BooksDataUIKit;
			productReference = 60D9520B287D384500A34DAA /* BooksDataUIKit.app */;
			productType = "com.apple.product-type.application";
		};
/* End PBXNativeTarget section */

/* Begin PBXProject section */
		60D95203287D384500A34DAA /* Project object */ = {
			isa = PBXProject;
			attributes = {
				BuildIndependentTargetsInParallel = 1;
				LastSwiftUpdateCheck = 1340;
				LastUpgradeCheck = 1340;
				TargetAttributes = {
					60D9520A287D384500A34DAA = {
						CreatedOnToolsVersion = 13.4;
					};
				};
			};
			buildConfigurationList = 60D95206287D384500A34DAA /* Build configuration list for PBXProject "BooksDataUIKit" */;
			compatibilityVersion = "Xcode 13.0";
			developmentRegion = en;
			hasScannedForEncodings = 0;
			knownRegions = (
				en,
				Base,
			);
			mainGroup = 60D95202287D384500A34DAA;
			productRefGroup = 60D9520C287D384500A34DAA /* Products */;
			projectDirPath = "";
			projectRoot = "";
			targets = (
				60D9520A287D384500A34DAA /* BooksDataUIKit */,
			);
		};
/* End PBXProject section */

/* Begin PBXResourcesBuildPhase section */
		60D95209287D384500A34DAA /* Resources */ = {
			isa = PBXResourcesBuildPhase;
			buildActionMask = 2147483647;
			files = (
				60B27F6428809866009DFF26 /* books.json in Resources */,
				60D95218287D384B00A34DAA /* Assets.xcassets in Resources */,
				60EC1E43287F3CAA00C28828 /* LaunchScreen.storyboard in Resources */,
			);
			runOnlyForDeploymentPostprocessing = 0;
		};
/* End PBXResourcesBuildPhase section */

/* Begin PBXSourcesBuildPhase section */
		60D95207287D384500A34DAA /* Sources */ = {
			isa = PBXSourcesBuildPhase;
			buildActionMask = 2147483647;
			files = (
				60D95213287D384500A34DAA /* ViewController.swift in Sources */,
				60D9522F287D3D4100A34DAA /* BookDetailController.swift in Sources */,
				60D95227287D3D0200A34DAA /* SearchController.swift in Sources */,
				60DC1C092889DA4D0018F447 /* FetchBookDataProtocol.swift in Sources */,
				60D95223287D38AC00A34DAA /* MainTabBarController.swift in Sources */,
				60B27F6228807AC4009DFF26 /* LogoHeaderUIView.swift in Sources */,
				607B07952885B800004E22FF /* AudiobooksCollectionViewUITableViewCell.swift in Sources */,
				60D9520F287D384500A34DAA /* AppDelegate.swift in Sources */,
				60D95237287D3E7D00A34DAA /* NavigationController.swift in Sources */,
				60D95211287D384500A34DAA /* SceneDelegate.swift in Sources */,
				60D9522D287D3D2F00A34DAA /* HomeController.swift in Sources */,
				60D9522B287D3D1E00A34DAA /* CreateAccountController.swift in Sources */,
				60B27F6028806D1C009DFF26 /* NewBooksCollectionViewUITableViewCell.swift in Sources */,
				60D95235287D3D6600A34DAA /* EditProfileController.swift in Sources */,
				607B07972885D08D004E22FF /* BookCollectionViewCell.swift in Sources */,
				60D95225287D393E00A34DAA /* Const.swift in Sources */,
				60D95229287D3D1200A34DAA /* LoginController.swift in Sources */,
				60DC1C052889C6950018F447 /* AudiobookCollectionViewCell.swift in Sources */,
				60B27F6828809B22009DFF26 /* Book.swift in Sources */,
				60B27F66288098C4009DFF26 /* APICaller.swift in Sources */,
				60D95231287D3D4E00A34DAA /* FavoritesController.swift in Sources */,
				60D95233287D3D5900A34DAA /* ProfileController.swift in Sources */,
			);
			runOnlyForDeploymentPostprocessing = 0;
		};
/* End PBXSourcesBuildPhase section */

/* Begin XCBuildConfiguration section */
		60D9521D287D384B00A34DAA /* Debug */ = {
			isa = XCBuildConfiguration;
			buildSettings = {
				ALWAYS_SEARCH_USER_PATHS = NO;
				CLANG_ANALYZER_NONNULL = YES;
				CLANG_ANALYZER_NUMBER_OBJECT_CONVERSION = YES_AGGRESSIVE;
				CLANG_CXX_LANGUAGE_STANDARD = "gnu++17";
				CLANG_ENABLE_MODULES = YES;
				CLANG_ENABLE_OBJC_ARC = YES;
				CLANG_ENABLE_OBJC_WEAK = YES;
				CLANG_WARN_BLOCK_CAPTURE_AUTORELEASING = YES;
				CLANG_WARN_BOOL_CONVERSION = YES;
				CLANG_WARN_COMMA = YES;
				CLANG_WARN_CONSTANT_CONVERSION = YES;
				CLANG_WARN_DEPRECATED_OBJC_IMPLEMENTATIONS = YES;
				CLANG_WARN_DIRECT_OBJC_ISA_USAGE = YES_ERROR;
				CLANG_WARN_DOCUMENTATION_COMMENTS = YES;
				CLANG_WARN_EMPTY_BODY = YES;
				CLANG_WARN_ENUM_CONVERSION = YES;
				CLANG_WARN_INFINITE_RECURSION = YES;
				CLANG_WARN_INT_CONVERSION = YES;
				CLANG_WARN_NON_LITERAL_NULL_CONVERSION = YES;
				CLANG_WARN_OBJC_IMPLICIT_RETAIN_SELF = YES;
				CLANG_WARN_OBJC_LITERAL_CONVERSION = YES;
				CLANG_WARN_OBJC_ROOT_CLASS = YES_ERROR;
				CLANG_WARN_QUOTED_INCLUDE_IN_FRAMEWORK_HEADER = YES;
				CLANG_WARN_RANGE_LOOP_ANALYSIS = YES;
				CLANG_WARN_STRICT_PROTOTYPES = YES;
				CLANG_WARN_SUSPICIOUS_MOVE = YES;
				CLANG_WARN_UNGUARDED_AVAILABILITY = YES_AGGRESSIVE;
				CLANG_WARN_UNREACHABLE_CODE = YES;
				CLANG_WARN__DUPLICATE_METHOD_MATCH = YES;
				COPY_PHASE_STRIP = NO;
				DEBUG_INFORMATION_FORMAT = dwarf;
				ENABLE_STRICT_OBJC_MSGSEND = YES;
				ENABLE_TESTABILITY = YES;
				GCC_C_LANGUAGE_STANDARD = gnu11;
				GCC_DYNAMIC_NO_PIC = NO;
				GCC_NO_COMMON_BLOCKS = YES;
				GCC_OPTIMIZATION_LEVEL = 0;
				GCC_PREPROCESSOR_DEFINITIONS = (
					"DEBUG=1",
					"$(inherited)",
				);
				GCC_WARN_64_TO_32_BIT_CONVERSION = YES;
				GCC_WARN_ABOUT_RETURN_TYPE = YES_ERROR;
				GCC_WARN_UNDECLARED_SELECTOR = YES;
				GCC_WARN_UNINITIALIZED_AUTOS = YES_AGGRESSIVE;
				GCC_WARN_UNUSED_FUNCTION = YES;
				GCC_WARN_UNUSED_VARIABLE = YES;
				IPHONEOS_DEPLOYMENT_TARGET = 15.5;
				MTL_ENABLE_DEBUG_INFO = INCLUDE_SOURCE;
				MTL_FAST_MATH = YES;
				ONLY_ACTIVE_ARCH = YES;
				SDKROOT = iphoneos;
				SWIFT_ACTIVE_COMPILATION_CONDITIONS = DEBUG;
				SWIFT_OPTIMIZATION_LEVEL = "-Onone";
			};
			name = Debug;
		};
		60D9521E287D384B00A34DAA /* Release */ = {
			isa = XCBuildConfiguration;
			buildSettings = {
				ALWAYS_SEARCH_USER_PATHS = NO;
				CLANG_ANALYZER_NONNULL = YES;
				CLANG_ANALYZER_NUMBER_OBJECT_CONVERSION = YES_AGGRESSIVE;
				CLANG_CXX_LANGUAGE_STANDARD = "gnu++17";
				CLANG_ENABLE_MODULES = YES;
				CLANG_ENABLE_OBJC_ARC = YES;
				CLANG_ENABLE_OBJC_WEAK = YES;
				CLANG_WARN_BLOCK_CAPTURE_AUTORELEASING = YES;
				CLANG_WARN_BOOL_CONVERSION = YES;
				CLANG_WARN_COMMA = YES;
				CLANG_WARN_CONSTANT_CONVERSION = YES;
				CLANG_WARN_DEPRECATED_OBJC_IMPLEMENTATIONS = YES;
				CLANG_WARN_DIRECT_OBJC_ISA_USAGE = YES_ERROR;
				CLANG_WARN_DOCUMENTATION_COMMENTS = YES;
				CLANG_WARN_EMPTY_BODY = YES;
				CLANG_WARN_ENUM_CONVERSION = YES;
				CLANG_WARN_INFINITE_RECURSION = YES;
				CLANG_WARN_INT_CONVERSION = YES;
				CLANG_WARN_NON_LITERAL_NULL_CONVERSION = YES;
				CLANG_WARN_OBJC_IMPLICIT_RETAIN_SELF = YES;
				CLANG_WARN_OBJC_LITERAL_CONVERSION = YES;
				CLANG_WARN_OBJC_ROOT_CLASS = YES_ERROR;
				CLANG_WARN_QUOTED_INCLUDE_IN_FRAMEWORK_HEADER = YES;
				CLANG_WARN_RANGE_LOOP_ANALYSIS = YES;
				CLANG_WARN_STRICT_PROTOTYPES = YES;
				CLANG_WARN_SUSPICIOUS_MOVE = YES;
				CLANG_WARN_UNGUARDED_AVAILABILITY = YES_AGGRESSIVE;
				CLANG_WARN_UNREACHABLE_CODE = YES;
				CLANG_WARN__DUPLICATE_METHOD_MATCH = YES;
				COPY_PHASE_STRIP = NO;
				DEBUG_INFORMATION_FORMAT = "dwarf-with-dsym";
				ENABLE_NS_ASSERTIONS = NO;
				ENABLE_STRICT_OBJC_MSGSEND = YES;
				GCC_C_LANGUAGE_STANDARD = gnu11;
				GCC_NO_COMMON_BLOCKS = YES;
				GCC_WARN_64_TO_32_BIT_CONVERSION = YES;
				GCC_WARN_ABOUT_RETURN_TYPE = YES_ERROR;
				GCC_WARN_UNDECLARED_SELECTOR = YES;
				GCC_WARN_UNINITIALIZED_AUTOS = YES_AGGRESSIVE;
				GCC_WARN_UNUSED_FUNCTION = YES;
				GCC_WARN_UNUSED_VARIABLE = YES;
				IPHONEOS_DEPLOYMENT_TARGET = 15.5;
				MTL_ENABLE_DEBUG_INFO = NO;
				MTL_FAST_MATH = YES;
				SDKROOT = iphoneos;
				SWIFT_COMPILATION_MODE = wholemodule;
				SWIFT_OPTIMIZATION_LEVEL = "-O";
				VALIDATE_PRODUCT = YES;
			};
			name = Release;
		};
		60D95220287D384B00A34DAA /* Debug */ = {
			isa = XCBuildConfiguration;
			buildSettings = {
				ASSETCATALOG_COMPILER_APPICON_NAME = AppIcon;
				ASSETCATALOG_COMPILER_GLOBAL_ACCENT_COLOR_NAME = AccentColor;
				CODE_SIGN_STYLE = Automatic;
				CURRENT_PROJECT_VERSION = 1;
				GENERATE_INFOPLIST_FILE = YES;
				INFOPLIST_FILE = BooksDataUIKit/Info.plist;
				INFOPLIST_KEY_UIApplicationSupportsIndirectInputEvents = YES;
				INFOPLIST_KEY_UILaunchStoryboardName = LaunchScreen;
				INFOPLIST_KEY_UISupportedInterfaceOrientations_iPad = "UIInterfaceOrientationPortrait UIInterfaceOrientationPortraitUpsideDown UIInterfaceOrientationLandscapeLeft UIInterfaceOrientationLandscapeRight";
				INFOPLIST_KEY_UISupportedInterfaceOrientations_iPhone = "UIInterfaceOrientationPortrait UIInterfaceOrientationLandscapeLeft UIInterfaceOrientationLandscapeRight";
				LD_RUNPATH_SEARCH_PATHS = (
					"$(inherited)",
					"@executable_path/Frameworks",
				);
				MARKETING_VERSION = 1.0;
				PRODUCT_BUNDLE_IDENTIFIER = SebastianHajduk.BooksDataUIKit;
				PRODUCT_NAME = "$(TARGET_NAME)";
				SWIFT_EMIT_LOC_STRINGS = YES;
				SWIFT_VERSION = 5.0;
				TARGETED_DEVICE_FAMILY = "1,2";
			};
			name = Debug;
		};
		60D95221287D384B00A34DAA /* Release */ = {
			isa = XCBuildConfiguration;
			buildSettings = {
				ASSETCATALOG_COMPILER_APPICON_NAME = AppIcon;
				ASSETCATALOG_COMPILER_GLOBAL_ACCENT_COLOR_NAME = AccentColor;
				CODE_SIGN_STYLE = Automatic;
				CURRENT_PROJECT_VERSION = 1;
				GENERATE_INFOPLIST_FILE = YES;
				INFOPLIST_FILE = BooksDataUIKit/Info.plist;
				INFOPLIST_KEY_UIApplicationSupportsIndirectInputEvents = YES;
				INFOPLIST_KEY_UILaunchStoryboardName = LaunchScreen;
				INFOPLIST_KEY_UISupportedInterfaceOrientations_iPad = "UIInterfaceOrientationPortrait UIInterfaceOrientationPortraitUpsideDown UIInterfaceOrientationLandscapeLeft UIInterfaceOrientationLandscapeRight";
				INFOPLIST_KEY_UISupportedInterfaceOrientations_iPhone = "UIInterfaceOrientationPortrait UIInterfaceOrientationLandscapeLeft UIInterfaceOrientationLandscapeRight";
				LD_RUNPATH_SEARCH_PATHS = (
					"$(inherited)",
					"@executable_path/Frameworks",
				);
				MARKETING_VERSION = 1.0;
				PRODUCT_BUNDLE_IDENTIFIER = SebastianHajduk.BooksDataUIKit;
				PRODUCT_NAME = "$(TARGET_NAME)";
				SWIFT_EMIT_LOC_STRINGS = YES;
				SWIFT_VERSION = 5.0;
				TARGETED_DEVICE_FAMILY = "1,2";
			};
			name = Release;
		};
/* End XCBuildConfiguration section */

/* Begin XCConfigurationList section */
		60D95206287D384500A34DAA /* Build configuration list for PBXProject "BooksDataUIKit" */ = {
			isa = XCConfigurationList;
			buildConfigurations = (
				60D9521D287D384B00A34DAA /* Debug */,
				60D9521E287D384B00A34DAA /* Release */,
			);
			defaultConfigurationIsVisible = 0;
			defaultConfigurationName = Release;
		};
		60D9521F287D384B00A34DAA /* Build configuration list for PBXNativeTarget "BooksDataUIKit" */ = {
			isa = XCConfigurationList;
			buildConfigurations = (
				60D95220287D384B00A34DAA /* Debug */,
				60D95221287D384B00A34DAA /* Release */,
			);
			defaultConfigurationIsVisible = 0;
			defaultConfigurationName = Release;
		};
/* End XCConfigurationList section */
	};
	rootObject = 60D95203287D384500A34DAA /* Project object */;
}
